
Microsoft Visual Studio Solution File, Format Version 12.00
# Visual Studio Version 17
VisualStudioVersion = 17.3.32929.385
MinimumVisualStudioVersion = 10.0.40219.1
Project("{FAE04EC0-301F-11D3-BF4B-00C04F79EFBC}") = "leleu_attila_lab2", "leleu_attila_lab2\leleu_attila_lab2.csproj", "{FDE61EF4-936B-4FB3-BD31-E1AC3B924E44}"
EndProject
Global
	GlobalSection(SolutionConfigurationPlatforms) = preSolution
		Debug|Any CPU = Debug|Any CPU
		Release|Any CPU = Release|Any CPU
	EndGlobalSection
	GlobalSection(ProjectConfigurationPlatforms) = postSolution
		{FDE61EF4-936B-4FB3-BD31-E1AC3B924E44}.Debug|Any CPU.ActiveCfg = Debug|Any CPU
		{FDE61EF4-936B-4FB3-BD31-E1AC3B924E44}.Debug|Any CPU.Build.0 = Debug|Any CPU
		{FDE61EF4-936B-4FB3-BD31-E1AC3B924E44}.Release|Any CPU.ActiveCfg = Release|Any CPU
		{FDE61EF4-936B-4FB3-BD31-E1AC3B924E44}.Release|Any CPU.Build.0 = Release|Any CPU
	EndGlobalSection
	GlobalSection(SolutionProperties) = preSolution
		HideSolutionNode = FALSE
	EndGlobalSection
	GlobalSection(ExtensibilityGlobals) = postSolution
		SolutionGuid = {D9B33AB2-CA05-4A36-9F9E-2D7602D9BC85}
	EndGlobalSection
EndGlobal
